// !$*UTF8*$!
{
	archiveVersion = 1;
	classes = {
	};
	objectVersion = 55;
	objects = {

/* Begin PBXBuildFile section */
		491638B927D49AE2009C8FED /* toy_drummer.usdz in Resources */ = {isa = PBXBuildFile; fileRef = 491638B827D49AE2009C8FED /* toy_drummer.usdz */; };
		49FE745727D387D600AA4682 /* AppDelegate.swift in Sources */ = {isa = PBXBuildFile; fileRef = 49FE745627D387D600AA4682 /* AppDelegate.swift */; };
		49FE745927D387D600AA4682 /* ContentView.swift in Sources */ = {isa = PBXBuildFile; fileRef = 49FE745827D387D600AA4682 /* ContentView.swift */; };
		49FE745B27D387D600AA4682 /* Experience.rcproject in Sources */ = {isa = PBXBuildFile; fileRef = 49FE745A27D387D600AA4682 /* Experience.rcproject */; };
		49FE745D27D387DA00AA4682 /* Assets.xcassets in Resources */ = {isa = PBXBuildFile; fileRef = 49FE745C27D387DA00AA4682 /* Assets.xcassets */; };
		49FE746027D387DA00AA4682 /* Preview Assets.xcassets in Resources */ = {isa = PBXBuildFile; fileRef = 49FE745F27D387DA00AA4682 /* Preview Assets.xcassets */; };
		49FE746A27D387DA00AA4682 /* ARDemoTests.swift in Sources */ = {isa = PBXBuildFile; fileRef = 49FE746927D387DA00AA4682 /* ARDemoTests.swift */; };
		49FE747427D387DA00AA4682 /* ARDemoUITests.swift in Sources */ = {isa = PBXBuildFile; fileRef = 49FE747327D387DA00AA4682 /* ARDemoUITests.swift */; };
		49FE747627D387DA00AA4682 /* ARDemoUITestsLaunchTests.swift in Sources */ = {isa = PBXBuildFile; fileRef = 49FE747527D387DA00AA4682 /* ARDemoUITestsLaunchTests.swift */; };
		49FE749127D3C9C300AA4682 /* ARViewModel.swift in Sources */ = {isa = PBXBuildFile; fileRef = 49FE749027D3C9C300AA4682 /* ARViewModel.swift */; };
		49FE749927D3D71700AA4682 /* MultipeerSession.swift in Sources */ = {isa = PBXBuildFile; fileRef = 49FE749827D3D71700AA4682 /* MultipeerSession.swift */; };
/* End PBXBuildFile section */

/* Begin PBXContainerItemProxy section */
		49FE746627D387DA00AA4682 /* PBXContainerItemProxy */ = {
			isa = PBXContainerItemProxy;
			containerPortal = 49FE744B27D387D600AA4682 /* Project object */;
			proxyType = 1;
			remoteGlobalIDString = 49FE745227D387D600AA4682;
			remoteInfo = ARDemo;
		};
		49FE747027D387DA00AA4682 /* PBXContainerItemProxy */ = {
			isa = PBXContainerItemProxy;
			containerPortal = 49FE744B27D387D600AA4682 /* Project object */;
			proxyType = 1;
			remoteGlobalIDString = 49FE745227D387D600AA4682;
			remoteInfo = ARDemo;
		};
/* End PBXContainerItemProxy section */

/* Begin PBXFileReference section */
		491638B827D49AE2009C8FED /* toy_drummer.usdz */ = {isa = PBXFileReference; lastKnownFileType = file.usdz; path = toy_drummer.usdz; sourceTree = "<group>"; };
		49FE745327D387D600AA4682 /* ARDemo.app */ = {isa = PBXFileReference; explicitFileType = wrapper.application; includeInIndex = 0; path = ARDemo.app; sourceTree = BUILT_PRODUCTS_DIR; };
		49FE745627D387D600AA4682 /* AppDelegate.swift */ = {isa = PBXFileReference; lastKnownFileType = sourcecode.swift; path = AppDelegate.swift; sourceTree = "<group>"; };
		49FE745827D387D600AA4682 /* ContentView.swift */ = {isa = PBXFileReference; lastKnownFileType = sourcecode.swift; path = ContentView.swift; sourceTree = "<group>"; };
		49FE745A27D387D600AA4682 /* Experience.rcproject */ = {isa = PBXFileReference; lastKnownFileType = file.rcproject; path = Experience.rcproject; sourceTree = "<group>"; };
		49FE745C27D387DA00AA4682 /* Assets.xcassets */ = {isa = PBXFileReference; lastKnownFileType = folder.assetcatalog; path = Assets.xcassets; sourceTree = "<group>"; };
		49FE745F27D387DA00AA4682 /* Preview Assets.xcassets */ = {isa = PBXFileReference; lastKnownFileType = folder.assetcatalog; path = "Preview Assets.xcassets"; sourceTree = "<group>"; };
		49FE746527D387DA00AA4682 /* ARDemoTests.xctest */ = {isa = PBXFileReference; explicitFileType = wrapper.cfbundle; includeInIndex = 0; path = ARDemoTests.xctest; sourceTree = BUILT_PRODUCTS_DIR; };
		49FE746927D387DA00AA4682 /* ARDemoTests.swift */ = {isa = PBXFileReference; lastKnownFileType = sourcecode.swift; path = ARDemoTests.swift; sourceTree = "<group>"; };
		49FE746F27D387DA00AA4682 /* ARDemoUITests.xctest */ = {isa = PBXFileReference; explicitFileType = wrapper.cfbundle; includeInIndex = 0; path = ARDemoUITests.xctest; sourceTree = BUILT_PRODUCTS_DIR; };
		49FE747327D387DA00AA4682 /* ARDemoUITests.swift */ = {isa = PBXFileReference; lastKnownFileType = sourcecode.swift; path = ARDemoUITests.swift; sourceTree = "<group>"; };
		49FE747527D387DA00AA4682 /* ARDemoUITestsLaunchTests.swift */ = {isa = PBXFileReference; lastKnownFileType = sourcecode.swift; path = ARDemoUITestsLaunchTests.swift; sourceTree = "<group>"; };
		49FE749027D3C9C300AA4682 /* ARViewModel.swift */ = {isa = PBXFileReference; lastKnownFileType = sourcecode.swift; path = ARViewModel.swift; sourceTree = "<group>"; };
		49FE749527D3D3E400AA4682 /* Info.plist */ = {isa = PBXFileReference; lastKnownFileType = text.plist; path = Info.plist; sourceTree = "<group>"; };
		49FE749827D3D71700AA4682 /* MultipeerSession.swift */ = {isa = PBXFileReference; lastKnownFileType = sourcecode.swift; path = MultipeerSession.swift; sourceTree = "<group>"; };
/* End PBXFileReference section */

/* Begin PBXFrameworksBuildPhase section */
		49FE745027D387D600AA4682 /* Frameworks */ = {
			isa = PBXFrameworksBuildPhase;
			buildActionMask = 2147483647;
			files = (
			);
			runOnlyForDeploymentPostprocessing = 0;
		};
		49FE746227D387DA00AA4682 /* Frameworks */ = {
			isa = PBXFrameworksBuildPhase;
			buildActionMask = 2147483647;
			files = (
			);
			runOnlyForDeploymentPostprocessing = 0;
		};
		49FE746C27D387DA00AA4682 /* Frameworks */ = {
			isa = PBXFrameworksBuildPhase;
			buildActionMask = 2147483647;
			files = (
			);
			runOnlyForDeploymentPostprocessing = 0;
		};
/* End PBXFrameworksBuildPhase section */

/* Begin PBXGroup section */
		49FE744A27D387D600AA4682 = {
			isa = PBXGroup;
			children = (
				49FE745527D387D600AA4682 /* ARDemo */,
				49FE746827D387DA00AA4682 /* ARDemoTests */,
				49FE747227D387DA00AA4682 /* ARDemoUITests */,
				49FE745427D387D600AA4682 /* Products */,
			);
			sourceTree = "<group>";
		};
		49FE745427D387D600AA4682 /* Products */ = {
			isa = PBXGroup;
			children = (
				49FE745327D387D600AA4682 /* ARDemo.app */,
				49FE746527D387DA00AA4682 /* ARDemoTests.xctest */,
				49FE746F27D387DA00AA4682 /* ARDemoUITests.xctest */,
			);
			name = Products;
			sourceTree = "<group>";
		};
		49FE745527D387D600AA4682 /* ARDemo */ = {
			isa = PBXGroup;
			children = (
				49FE749527D3D3E400AA4682 /* Info.plist */,
				49FE748227D3888D00AA4682 /* Objects */,
				49FE745627D387D600AA4682 /* AppDelegate.swift */,
				49FE745827D387D600AA4682 /* ContentView.swift */,
				49FE745A27D387D600AA4682 /* Experience.rcproject */,
				49FE745C27D387DA00AA4682 /* Assets.xcassets */,
				49FE745E27D387DA00AA4682 /* Preview Content */,
				49FE749027D3C9C300AA4682 /* ARViewModel.swift */,
				49FE749827D3D71700AA4682 /* MultipeerSession.swift */,
			);
			path = ARDemo;
			sourceTree = "<group>";
		};
		49FE745E27D387DA00AA4682 /* Preview Content */ = {
			isa = PBXGroup;
			children = (
				49FE745F27D387DA00AA4682 /* Preview Assets.xcassets */,
			);
			path = "Preview Content";
			sourceTree = "<group>";
		};
		49FE746827D387DA00AA4682 /* ARDemoTests */ = {
			isa = PBXGroup;
			children = (
				49FE746927D387DA00AA4682 /* ARDemoTests.swift */,
			);
			path = ARDemoTests;
			sourceTree = "<group>";
		};
		49FE747227D387DA00AA4682 /* ARDemoUITests */ = {
			isa = PBXGroup;
			children = (
				49FE747327D387DA00AA4682 /* ARDemoUITests.swift */,
				49FE747527D387DA00AA4682 /* ARDemoUITestsLaunchTests.swift */,
			);
			path = ARDemoUITests;
			sourceTree = "<group>";
		};
		49FE748227D3888D00AA4682 /* Objects */ = {
			isa = PBXGroup;
			children = (
				491638B827D49AE2009C8FED /* toy_drummer.usdz */,
			);
			path = Objects;
			sourceTree = "<group>";
		};
/* End PBXGroup section */

/* Begin PBXNativeTarget section */
		49FE745227D387D600AA4682 /* ARDemo */ = {
			isa = PBXNativeTarget;
			buildConfigurationList = 49FE747927D387DA00AA4682 /* Build configuration list for PBXNativeTarget "ARDemo" */;
			buildPhases = (
				49FE744F27D387D600AA4682 /* Sources */,
				49FE745027D387D600AA4682 /* Frameworks */,
				49FE745127D387D600AA4682 /* Resources */,
			);
			buildRules = (
			);
			dependencies = (
			);
			name = ARDemo;
			packageProductDependencies = (
			);
			productName = ARDemo;
			productReference = 49FE745327D387D600AA4682 /* ARDemo.app */;
			productType = "com.apple.product-type.application";
		};
		49FE746427D387DA00AA4682 /* ARDemoTests */ = {
			isa = PBXNativeTarget;
			buildConfigurationList = 49FE747C27D387DA00AA4682 /* Build configuration list for PBXNativeTarget "ARDemoTests" */;
			buildPhases = (
				49FE746127D387DA00AA4682 /* Sources */,
				49FE746227D387DA00AA4682 /* Frameworks */,
				49FE746327D387DA00AA4682 /* Resources */,
			);
			buildRules = (
			);
			dependencies = (
				49FE746727D387DA00AA4682 /* PBXTargetDependency */,
			);
			name = ARDemoTests;
			productName = ARDemoTests;
			productReference = 49FE746527D387DA00AA4682 /* ARDemoTests.xctest */;
			productType = "com.apple.product-type.bundle.unit-test";
		};
		49FE746E27D387DA00AA4682 /* ARDemoUITests */ = {
			isa = PBXNativeTarget;
			buildConfigurationList = 49FE747F27D387DA00AA4682 /* Build configuration list for PBXNativeTarget "ARDemoUITests" */;
			buildPhases = (
				49FE746B27D387DA00AA4682 /* Sources */,
				49FE746C27D387DA00AA4682 /* Frameworks */,
				49FE746D27D387DA00AA4682 /* Resources */,
			);
			buildRules = (
			);
			dependencies = (
				49FE747127D387DA00AA4682 /* PBXTargetDependency */,
			);
			name = ARDemoUITests;
			productName = ARDemoUITests;
			productReference = 49FE746F27D387DA00AA4682 /* ARDemoUITests.xctest */;
			productType = "com.apple.product-type.bundle.ui-testing";
		};
/* End PBXNativeTarget section */

/* Begin PBXProject section */
		49FE744B27D387D600AA4682 /* Project object */ = {
			isa = PBXProject;
			attributes = {
				BuildIndependentTargetsInParallel = 1;
				LastSwiftUpdateCheck = 1320;
				LastUpgradeCheck = 1320;
				TargetAttributes = {
					49FE745227D387D600AA4682 = {
						CreatedOnToolsVersion = 13.2.1;
					};
					49FE746427D387DA00AA4682 = {
						CreatedOnToolsVersion = 13.2.1;
						TestTargetID = 49FE745227D387D600AA4682;
					};
					49FE746E27D387DA00AA4682 = {
						CreatedOnToolsVersion = 13.2.1;
						TestTargetID = 49FE745227D387D600AA4682;
					};
				};
			};
			buildConfigurationList = 49FE744E27D387D600AA4682 /* Build configuration list for PBXProject "ARDemo" */;
			compatibilityVersion = "Xcode 13.0";
			developmentRegion = en;
			hasScannedForEncodings = 0;
			knownRegions = (
				en,
				Base,
			);
			mainGroup = 49FE744A27D387D600AA4682;
			packageReferences = (
			);
			productRefGroup = 49FE745427D387D600AA4682 /* Products */;
			projectDirPath = "";
			projectRoot = "";
			targets = (
				49FE745227D387D600AA4682 /* ARDemo */,
				49FE746427D387DA00AA4682 /* ARDemoTests */,
				49FE746E27D387DA00AA4682 /* ARDemoUITests */,
			);
		};
/* End PBXProject section */

/* Begin PBXResourcesBuildPhase section */
		49FE745127D387D600AA4682 /* Resources */ = {
			isa = PBXResourcesBuildPhase;
			buildActionMask = 2147483647;
			files = (
				49FE746027D387DA00AA4682 /* Preview Assets.xcassets in Resources */,
				49FE745D27D387DA00AA4682 /* Assets.xcassets in Resources */,
				491638B927D49AE2009C8FED /* toy_drummer.usdz in Resources */,
			);
			runOnlyForDeploymentPostprocessing = 0;
		};
		49FE746327D387DA00AA4682 /* Resources */ = {
			isa = PBXResourcesBuildPhase;
			buildActionMask = 2147483647;
			files = (
			);
			runOnlyForDeploymentPostprocessing = 0;
		};
		49FE746D27D387DA00AA4682 /* Resources */ = {
			isa = PBXResourcesBuildPhase;
			buildActionMask = 2147483647;
			files = (
			);
			runOnlyForDeploymentPostprocessing = 0;
		};
/* End PBXResourcesBuildPhase section */

/* Begin PBXSourcesBuildPhase section */
		49FE744F27D387D600AA4682 /* Sources */ = {
			isa = PBXSourcesBuildPhase;
			buildActionMask = 2147483647;
			files = (
				49FE749927D3D71700AA4682 /* MultipeerSession.swift in Sources */,
				49FE745927D387D600AA4682 /* ContentView.swift in Sources */,
				49FE749127D3C9C300AA4682 /* ARViewModel.swift in Sources */,
				49FE745727D387D600AA4682 /* AppDelegate.swift in Sources */,
				49FE745B27D387D600AA4682 /* Experience.rcproject in Sources */,
			);
			runOnlyForDeploymentPostprocessing = 0;
		};
		49FE746127D387DA00AA4682 /* Sources */ = {
			isa = PBXSourcesBuildPhase;
			buildActionMask = 2147483647;
			files = (
				49FE746A27D387DA00AA4682 /* ARDemoTests.swift in Sources */,
			);
			runOnlyForDeploymentPostprocessing = 0;
		};
		49FE746B27D387DA00AA4682 /* Sources */ = {
			isa = PBXSourcesBuildPhase;
			buildActionMask = 2147483647;
			files = (
				49FE747627D387DA00AA4682 /* ARDemoUITestsLaunchTests.swift in Sources */,
				49FE747427D387DA00AA4682 /* ARDemoUITests.swift in Sources */,
			);
			runOnlyForDeploymentPostprocessing = 0;
		};
/* End PBXSourcesBuildPhase section */

/* Begin PBXTargetDependency section */
		49FE746727D387DA00AA4682 /* PBXTargetDependency */ = {
			isa = PBXTargetDependency;
			target = 49FE745227D387D600AA4682 /* ARDemo */;
			targetProxy = 49FE746627D387DA00AA4682 /* PBXContainerItemProxy */;
		};
		49FE747127D387DA00AA4682 /* PBXTargetDependency */ = {
			isa = PBXTargetDependency;
			target = 49FE745227D387D600AA4682 /* ARDemo */;
			targetProxy = 49FE747027D387DA00AA4682 /* PBXContainerItemProxy */;
		};
/* End PBXTargetDependency section */

/* Begin XCBuildConfiguration section */
		49FE747727D387DA00AA4682 /* Debug */ = {
			isa = XCBuildConfiguration;
			buildSettings = {
				ALWAYS_SEARCH_USER_PATHS = NO;
				CLANG_ANALYZER_NONNULL = YES;
				CLANG_ANALYZER_NUMBER_OBJECT_CONVERSION = YES_AGGRESSIVE;
				CLANG_CXX_LANGUAGE_STANDARD = "gnu++17";
				CLANG_CXX_LIBRARY = "libc++";
				CLANG_ENABLE_MODULES = YES;
				CLANG_ENABLE_OBJC_ARC = YES;
				CLANG_ENABLE_OBJC_WEAK = YES;
				CLANG_WARN_BLOCK_CAPTURE_AUTORELEASING = YES;
				CLANG_WARN_BOOL_CONVERSION = YES;
				CLANG_WARN_COMMA = YES;
				CLANG_WARN_CONSTANT_CONVERSION = YES;
				CLANG_WARN_DEPRECATED_OBJC_IMPLEMENTATIONS = YES;
				CLANG_WARN_DIRECT_OBJC_ISA_USAGE = YES_ERROR;
				CLANG_WARN_DOCUMENTATION_COMMENTS = YES;
				CLANG_WARN_EMPTY_BODY = YES;
				CLANG_WARN_ENUM_CONVERSION = YES;
				CLANG_WARN_INFINITE_RECURSION = YES;
				CLANG_WARN_INT_CONVERSION = YES;
				CLANG_WARN_NON_LITERAL_NULL_CONVERSION = YES;
				CLANG_WARN_OBJC_IMPLICIT_RETAIN_SELF = YES;
				CLANG_WARN_OBJC_LITERAL_CONVERSION = YES;
				CLANG_WARN_OBJC_ROOT_CLASS = YES_ERROR;
				CLANG_WARN_QUOTED_INCLUDE_IN_FRAMEWORK_HEADER = YES;
				CLANG_WARN_RANGE_LOOP_ANALYSIS = YES;
				CLANG_WARN_STRICT_PROTOTYPES = YES;
				CLANG_WARN_SUSPICIOUS_MOVE = YES;
				CLANG_WARN_UNGUARDED_AVAILABILITY = YES_AGGRESSIVE;
				CLANG_WARN_UNREACHABLE_CODE = YES;
				CLANG_WARN__DUPLICATE_METHOD_MATCH = YES;
				COPY_PHASE_STRIP = NO;
				DEBUG_INFORMATION_FORMAT = dwarf;
				ENABLE_STRICT_OBJC_MSGSEND = YES;
				ENABLE_TESTABILITY = YES;
				GCC_C_LANGUAGE_STANDARD = gnu11;
				GCC_DYNAMIC_NO_PIC = NO;
				GCC_NO_COMMON_BLOCKS = YES;
				GCC_OPTIMIZATION_LEVEL = 0;
				GCC_PREPROCESSOR_DEFINITIONS = (
					"DEBUG=1",
					"$(inherited)",
				);
				GCC_WARN_64_TO_32_BIT_CONVERSION = YES;
				GCC_WARN_ABOUT_RETURN_TYPE = YES_ERROR;
				GCC_WARN_UNDECLARED_SELECTOR = YES;
				GCC_WARN_UNINITIALIZED_AUTOS = YES_AGGRESSIVE;
				GCC_WARN_UNUSED_FUNCTION = YES;
				GCC_WARN_UNUSED_VARIABLE = YES;
				IPHONEOS_DEPLOYMENT_TARGET = 15.2;
				MTL_ENABLE_DEBUG_INFO = INCLUDE_SOURCE;
				MTL_FAST_MATH = YES;
				ONLY_ACTIVE_ARCH = YES;
				SDKROOT = iphoneos;
				SWIFT_ACTIVE_COMPILATION_CONDITIONS = DEBUG;
				SWIFT_OPTIMIZATION_LEVEL = "-Onone";
			};
			name = Debug;
		};
		49FE747827D387DA00AA4682 /* Release */ = {
			isa = XCBuildConfiguration;
			buildSettings = {
				ALWAYS_SEARCH_USER_PATHS = NO;
				CLANG_ANALYZER_NONNULL = YES;
				CLANG_ANALYZER_NUMBER_OBJECT_CONVERSION = YES_AGGRESSIVE;
				CLANG_CXX_LANGUAGE_STANDARD = "gnu++17";
				CLANG_CXX_LIBRARY = "libc++";
				CLANG_ENABLE_MODULES = YES;
				CLANG_ENABLE_OBJC_ARC = YES;
				CLANG_ENABLE_OBJC_WEAK = YES;
				CLANG_WARN_BLOCK_CAPTURE_AUTORELEASING = YES;
				CLANG_WARN_BOOL_CONVERSION = YES;
				CLANG_WARN_COMMA = YES;
				CLANG_WARN_CONSTANT_CONVERSION = YES;
				CLANG_WARN_DEPRECATED_OBJC_IMPLEMENTATIONS = YES;
				CLANG_WARN_DIRECT_OBJC_ISA_USAGE = YES_ERROR;
				CLANG_WARN_DOCUMENTATION_COMMENTS = YES;
				CLANG_WARN_EMPTY_BODY = YES;
				CLANG_WARN_ENUM_CONVERSION = YES;
				CLANG_WARN_INFINITE_RECURSION = YES;
				CLANG_WARN_INT_CONVERSION = YES;
				CLANG_WARN_NON_LITERAL_NULL_CONVERSION = YES;
				CLANG_WARN_OBJC_IMPLICIT_RETAIN_SELF = YES;
				CLANG_WARN_OBJC_LITERAL_CONVERSION = YES;
				CLANG_WARN_OBJC_ROOT_CLASS = YES_ERROR;
				CLANG_WARN_QUOTED_INCLUDE_IN_FRAMEWORK_HEADER = YES;
				CLANG_WARN_RANGE_LOOP_ANALYSIS = YES;
				CLANG_WARN_STRICT_PROTOTYPES = YES;
				CLANG_WARN_SUSPICIOUS_MOVE = YES;
				CLANG_WARN_UNGUARDED_AVAILABILITY = YES_AGGRESSIVE;
				CLANG_WARN_UNREACHABLE_CODE = YES;
				CLANG_WARN__DUPLICATE_METHOD_MATCH = YES;
				COPY_PHASE_STRIP = NO;
				DEBUG_INFORMATION_FORMAT = "dwarf-with-dsym";
				ENABLE_NS_ASSERTIONS = NO;
				ENABLE_STRICT_OBJC_MSGSEND = YES;
				GCC_C_LANGUAGE_STANDARD = gnu11;
				GCC_NO_COMMON_BLOCKS = YES;
				GCC_WARN_64_TO_32_BIT_CONVERSION = YES;
				GCC_WARN_ABOUT_RETURN_TYPE = YES_ERROR;
				GCC_WARN_UNDECLARED_SELECTOR = YES;
				GCC_WARN_UNINITIALIZED_AUTOS = YES_AGGRESSIVE;
				GCC_WARN_UNUSED_FUNCTION = YES;
				GCC_WARN_UNUSED_VARIABLE = YES;
				IPHONEOS_DEPLOYMENT_TARGET = 15.2;
				MTL_ENABLE_DEBUG_INFO = NO;
				MTL_FAST_MATH = YES;
				SDKROOT = iphoneos;
				SWIFT_COMPILATION_MODE = wholemodule;
				SWIFT_OPTIMIZATION_LEVEL = "-O";
				VALIDATE_PRODUCT = YES;
			};
			name = Release;
		};
		49FE747A27D387DA00AA4682 /* Debug */ = {
			isa = XCBuildConfiguration;
			buildSettings = {
				ASSETCATALOG_COMPILER_APPICON_NAME = AppIcon;
				ASSETCATALOG_COMPILER_GLOBAL_ACCENT_COLOR_NAME = AccentColor;
				CODE_SIGN_STYLE = Automatic;
				CURRENT_PROJECT_VERSION = 1;
				DEVELOPMENT_ASSET_PATHS = "\"ARDemo/Preview Content\"";
				DEVELOPMENT_TEAM = QQS593TJVN;
				ENABLE_PREVIEWS = YES;
				GENERATE_INFOPLIST_FILE = YES;
				INFOPLIST_FILE = ARDemo/Info.plist;
				INFOPLIST_KEY_NSCameraUsageDescription = "";
				INFOPLIST_KEY_NSLocalNetworkUsageDescription = "Need to use local network for multipeer";
				INFOPLIST_KEY_UIApplicationSupportsIndirectInputEvents = YES;
				INFOPLIST_KEY_UILaunchScreen_Generation = YES;
				INFOPLIST_KEY_UIRequiredDeviceCapabilities = arkit;
				INFOPLIST_KEY_UIStatusBarHidden = YES;
				INFOPLIST_KEY_UISupportedInterfaceOrientations_iPad = "UIInterfaceOrientationPortrait UIInterfaceOrientationPortraitUpsideDown UIInterfaceOrientationLandscapeLeft UIInterfaceOrientationLandscapeRight";
				INFOPLIST_KEY_UISupportedInterfaceOrientations_iPhone = "UIInterfaceOrientationPortrait UIInterfaceOrientationLandscapeLeft UIInterfaceOrientationLandscapeRight";
				LD_RUNPATH_SEARCH_PATHS = (
					"$(inherited)",
					"@executable_path/Frameworks",
				);
				MARKETING_VERSION = 1.0;
				PRODUCT_BUNDLE_IDENTIFIER = com.laporatory.ARDemo;
				PRODUCT_NAME = "$(TARGET_NAME)";
				SWIFT_EMIT_LOC_STRINGS = YES;
				SWIFT_VERSION = 5.0;
				TARGETED_DEVICE_FAMILY = "1,2";
			};
			name = Debug;
		};
		49FE747B27D387DA00AA4682 /* Release */ = {
			isa = XCBuildConfiguration;
			buildSettings = {
				ASSETCATALOG_COMPILER_APPICON_NAME = AppIcon;
				ASSETCATALOG_COMPILER_GLOBAL_ACCENT_COLOR_NAME = AccentColor;
				CODE_SIGN_STYLE = Automatic;
				CURRENT_PROJECT_VERSION = 1;
				DEVELOPMENT_ASSET_PATHS = "\"ARDemo/Preview Content\"";
				DEVELOPMENT_TEAM = QQS593TJVN;
				ENABLE_PREVIEWS = YES;
				GENERATE_INFOPLIST_FILE = YES;
				INFOPLIST_FILE = ARDemo/Info.plist;
				INFOPLIST_KEY_NSCameraUsageDescription = "";
				INFOPLIST_KEY_NSLocalNetworkUsageDescription = "Need to use local network for multipeer";
				INFOPLIST_KEY_UIApplicationSupportsIndirectInputEvents = YES;
				INFOPLIST_KEY_UILaunchScreen_Generation = YES;
				INFOPLIST_KEY_UIRequiredDeviceCapabilities = arkit;
				INFOPLIST_KEY_UIStatusBarHidden = YES;
				INFOPLIST_KEY_UISupportedInterfaceOrientations_iPad = "UIInterfaceOrientationPortrait UIInterfaceOrientationPortraitUpsideDown UIInterfaceOrientationLandscapeLeft UIInterfaceOrientationLandscapeRight";
				INFOPLIST_KEY_UISupportedInterfaceOrientations_iPhone = "UIInterfaceOrientationPortrait UIInterfaceOrientationLandscapeLeft UIInterfaceOrientationLandscapeRight";
				LD_RUNPATH_SEARCH_PATHS = (
					"$(inherited)",
					"@executable_path/Frameworks",
				);
				MARKETING_VERSION = 1.0;
				PRODUCT_BUNDLE_IDENTIFIER = com.laporatory.ARDemo;
				PRODUCT_NAME = "$(TARGET_NAME)";
				SWIFT_EMIT_LOC_STRINGS = YES;
				SWIFT_VERSION = 5.0;
				TARGETED_DEVICE_FAMILY = "1,2";
			};
			name = Release;
		};
		49FE747D27D387DA00AA4682 /* Debug */ = {
			isa = XCBuildConfiguration;
			buildSettings = {
				ALWAYS_EMBED_SWIFT_STANDARD_LIBRARIES = YES;
				BUNDLE_LOADER = "$(TEST_HOST)";
				CODE_SIGN_STYLE = Automatic;
				CURRENT_PROJECT_VERSION = 1;
				DEVELOPMENT_TEAM = QQS593TJVN;
				GENERATE_INFOPLIST_FILE = YES;
				IPHONEOS_DEPLOYMENT_TARGET = 15.2;
				MARKETING_VERSION = 1.0;
				PRODUCT_BUNDLE_IDENTIFIER = com.laporatory.ARDemoTests;
				PRODUCT_NAME = "$(TARGET_NAME)";
				SWIFT_EMIT_LOC_STRINGS = NO;
				SWIFT_VERSION = 5.0;
				TARGETED_DEVICE_FAMILY = "1,2";
				TEST_HOST = "$(BUILT_PRODUCTS_DIR)/ARDemo.app/ARDemo";
			};
			name = Debug;
		};
		49FE747E27D387DA00AA4682 /* Release */ = {
			isa = XCBuildConfiguration;
			buildSettings = {
				ALWAYS_EMBED_SWIFT_STANDARD_LIBRARIES = YES;
				BUNDLE_LOADER = "$(TEST_HOST)";
				CODE_SIGN_STYLE = Automatic;
				CURRENT_PROJECT_VERSION = 1;
				DEVELOPMENT_TEAM = QQS593TJVN;
				GENERATE_INFOPLIST_FILE = YES;
				IPHONEOS_DEPLOYMENT_TARGET = 15.2;
				MARKETING_VERSION = 1.0;
				PRODUCT_BUNDLE_IDENTIFIER = com.laporatory.ARDemoTests;
				PRODUCT_NAME = "$(TARGET_NAME)";
				SWIFT_EMIT_LOC_STRINGS = NO;
				SWIFT_VERSION = 5.0;
				TARGETED_DEVICE_FAMILY = "1,2";
				TEST_HOST = "$(BUILT_PRODUCTS_DIR)/ARDemo.app/ARDemo";
			};
			name = Release;
		};
		49FE748027D387DA00AA4682 /* Debug */ = {
			isa = XCBuildConfiguration;
			buildSettings = {
				ALWAYS_EMBED_SWIFT_STANDARD_LIBRARIES = YES;
				CODE_SIGN_STYLE = Automatic;
				CURRENT_PROJECT_VERSION = 1;
				DEVELOPMENT_TEAM = QQS593TJVN;
				GENERATE_INFOPLIST_FILE = YES;
				MARKETING_VERSION = 1.0;
				PRODUCT_BUNDLE_IDENTIFIER = com.laporatory.ARDemoUITests;
				PRODUCT_NAME = "$(TARGET_NAME)";
				SWIFT_EMIT_LOC_STRINGS = NO;
				SWIFT_VERSION = 5.0;
				TARGETED_DEVICE_FAMILY = "1,2";
				TEST_TARGET_NAME = ARDemo;
			};
			name = Debug;
		};
		49FE748127D387DA00AA4682 /* Release */ = {
			isa = XCBuildConfiguration;
			buildSettings = {
				ALWAYS_EMBED_SWIFT_STANDARD_LIBRARIES = YES;
				CODE_SIGN_STYLE = Automatic;
				CURRENT_PROJECT_VERSION = 1;
				DEVELOPMENT_TEAM = QQS593TJVN;
				GENERATE_INFOPLIST_FILE = YES;
				MARKETING_VERSION = 1.0;
				PRODUCT_BUNDLE_IDENTIFIER = com.laporatory.ARDemoUITests;
				PRODUCT_NAME = "$(TARGET_NAME)";
				SWIFT_EMIT_LOC_STRINGS = NO;
				SWIFT_VERSION = 5.0;
				TARGETED_DEVICE_FAMILY = "1,2";
				TEST_TARGET_NAME = ARDemo;
			};
			name = Release;
		};
/* End XCBuildConfiguration section */

/* Begin XCConfigurationList section */
		49FE744E27D387D600AA4682 /* Build configuration list for PBXProject "ARDemo" */ = {
			isa = XCConfigurationList;
			buildConfigurations = (
				49FE747727D387DA00AA4682 /* Debug */,
				49FE747827D387DA00AA4682 /* Release */,
			);
			defaultConfigurationIsVisible = 0;
			defaultConfigurationName = Release;
		};
		49FE747927D387DA00AA4682 /* Build configuration list for PBXNativeTarget "ARDemo" */ = {
			isa = XCConfigurationList;
			buildConfigurations = (
				49FE747A27D387DA00AA4682 /* Debug */,
				49FE747B27D387DA00AA4682 /* Release */,
			);
			defaultConfigurationIsVisible = 0;
			defaultConfigurationName = Release;
		};
		49FE747C27D387DA00AA4682 /* Build configuration list for PBXNativeTarget "ARDemoTests" */ = {
			isa = XCConfigurationList;
			buildConfigurations = (
				49FE747D27D387DA00AA4682 /* Debug */,
				49FE747E27D387DA00AA4682 /* Release */,
			);
			defaultConfigurationIsVisible = 0;
			defaultConfigurationName = Release;
		};
		49FE747F27D387DA00AA4682 /* Build configuration list for PBXNativeTarget "ARDemoUITests" */ = {
			isa = XCConfigurationList;
			buildConfigurations = (
				49FE748027D387DA00AA4682 /* Debug */,
				49FE748127D387DA00AA4682 /* Release */,
			);
			defaultConfigurationIsVisible = 0;
			defaultConfigurationName = Release;
		};
/* End XCConfigurationList section */
	};
	rootObject = 49FE744B27D387D600AA4682 /* Project object */;
}
